
Microsoft Visual Studio Solution File, Format Version 12.00
# Visual Studio Version 17
VisualStudioVersion = 17.5.2.0
MinimumVisualStudioVersion = 10.0.40219.1
Project("{2150E333-8FDC-42A3-9474-1A3956D46DE8}") = "backend", "backend", "{1AE8ACA6-933B-BF2A-3671-3E2EAC007D16}"
EndProject
Project("{FAE04EC0-301F-11D3-BF4B-00C04F79EFBC}") = "SignLearn.Api", "SignLearn.Api\SignLearn.Api.csproj", "{F39EFC78-90E4-B342-C331-2093ACF62568}"
EndProject
Project("{FAE04EC0-301F-11D3-BF4B-00C04F79EFBC}") = "SignLearn.Api.Tests", "SignLearn.Api.Tests\SignLearn.Api.Tests.csproj", "{319A456E-F4F4-4127-9598-B4A47D9B9DC7}"
EndProject
Global
	GlobalSection(SolutionConfigurationPlatforms) = preSolution
		Debug|Any CPU = Debug|Any CPU
		Debug|x64 = Debug|x64
		Debug|x86 = Debug|x86
		Release|Any CPU = Release|Any CPU
		Release|x64 = Release|x64
		Release|x86 = Release|x86
	EndGlobalSection
	GlobalSection(ProjectConfigurationPlatforms) = postSolution
		{F39EFC78-90E4-B342-C331-2093ACF62568}.Debug|Any CPU.ActiveCfg = Debug|Any CPU
		{F39EFC78-90E4-B342-C331-2093ACF62568}.Debug|Any CPU.Build.0 = Debug|Any CPU
		{F39EFC78-90E4-B342-C331-2093ACF62568}.Debug|x64.ActiveCfg = Debug|Any CPU
		{F39EFC78-90E4-B342-C331-2093ACF62568}.Debug|x64.Build.0 = Debug|Any CPU
		{F39EFC78-90E4-B342-C331-2093ACF62568}.Debug|x86.ActiveCfg = Debug|Any CPU
		{F39EFC78-90E4-B342-C331-2093ACF62568}.Debug|x86.Build.0 = Debug|Any CPU
		{F39EFC78-90E4-B342-C331-2093ACF62568}.Release|Any CPU.ActiveCfg = Release|Any CPU
		{F39EFC78-90E4-B342-C331-2093ACF62568}.Release|Any CPU.Build.0 = Release|Any CPU
		{F39EFC78-90E4-B342-C331-2093ACF62568}.Release|x64.ActiveCfg = Release|Any CPU
		{F39EFC78-90E4-B342-C331-2093ACF62568}.Release|x64.Build.0 = Release|Any CPU
		{F39EFC78-90E4-B342-C331-2093ACF62568}.Release|x86.ActiveCfg = Release|Any CPU
		{F39EFC78-90E4-B342-C331-2093ACF62568}.Release|x86.Build.0 = Release|Any CPU
		{319A456E-F4F4-4127-9598-B4A47D9B9DC7}.Debug|Any CPU.ActiveCfg = Debug|Any CPU
		{319A456E-F4F4-4127-9598-B4A47D9B9DC7}.Debug|Any CPU.Build.0 = Debug|Any CPU
		{319A456E-F4F4-4127-9598-B4A47D9B9DC7}.Debug|x64.ActiveCfg = Debug|Any CPU
		{319A456E-F4F4-4127-9598-B4A47D9B9DC7}.Debug|x64.Build.0 = Debug|Any CPU
		{319A456E-F4F4-4127-9598-B4A47D9B9DC7}.Debug|x86.ActiveCfg = Debug|Any CPU
		{319A456E-F4F4-4127-9598-B4A47D9B9DC7}.Debug|x86.Build.0 = Debug|Any CPU
		{319A456E-F4F4-4127-9598-B4A47D9B9DC7}.Release|Any CPU.ActiveCfg = Release|Any CPU
		{319A456E-F4F4-4127-9598-B4A47D9B9DC7}.Release|Any CPU.Build.0 = Release|Any CPU
		{319A456E-F4F4-4127-9598-B4A47D9B9DC7}.Release|x64.ActiveCfg = Release|Any CPU
		{319A456E-F4F4-4127-9598-B4A47D9B9DC7}.Release|x64.Build.0 = Release|Any CPU
		{319A456E-F4F4-4127-9598-B4A47D9B9DC7}.Release|x86.ActiveCfg = Release|Any CPU
		{319A456E-F4F4-4127-9598-B4A47D9B9DC7}.Release|x86.Build.0 = Release|Any CPU
	EndGlobalSection
	GlobalSection(SolutionProperties) = preSolution
		HideSolutionNode = FALSE
	EndGlobalSection
	GlobalSection(NestedProjects) = preSolution
		{F39EFC78-90E4-B342-C331-2093ACF62568} = {1AE8ACA6-933B-BF2A-3671-3E2EAC007D16}
	EndGlobalSection
	GlobalSection(ExtensibilityGlobals) = postSolution
		SolutionGuid = {7A827119-0B90-4842-BA16-0EDE4F41C2E4}
	EndGlobalSection
EndGlobal
